
Microsoft Visual Studio Solution File, Format Version 12.00
# Visual Studio Version 17
VisualStudioVersion = 17.1.32210.238
MinimumVisualStudioVersion = 10.0.40219.1
Project("{9A19103F-16F7-4668-BE54-9A1E7A4F7556}") = "Lombiq.Hosting.Azure.ApplicationInsights", "Lombiq.Hosting.Azure.ApplicationInsights\Lombiq.Hosting.Azure.ApplicationInsights.csproj", "{7FB91411-891D-4EA6-A501-0793DF4136F6}"
EndProject
Project("{9A19103F-16F7-4668-BE54-9A1E7A4F7556}") = "Lombiq.Hosting.Azure.ApplicationInsights.Tests.UI", "Lombiq.Hosting.Azure.ApplicationInsights.Tests.UI\Lombiq.Hosting.Azure.ApplicationInsights.Tests.UI.csproj", "{91856DCA-C58A-4D4F-880A-1C08E78D867C}"
EndProject
Global
	GlobalSection(SolutionConfigurationPlatforms) = preSolution
		Debug|Any CPU = Debug|Any CPU
		Release|Any CPU = Release|Any CPU
	EndGlobalSection
	GlobalSection(ProjectConfigurationPlatforms) = postSolution
		{7FB91411-891D-4EA6-A501-0793DF4136F6}.Debug|Any CPU.ActiveCfg = Debug|Any CPU
		{7FB91411-891D-4EA6-A501-0793DF4136F6}.Debug|Any CPU.Build.0 = Debug|Any CPU
		{7FB91411-891D-4EA6-A501-0793DF4136F6}.Release|Any CPU.ActiveCfg = Release|Any CPU
		{7FB91411-891D-4EA6-A501-0793DF4136F6}.Release|Any CPU.Build.0 = Release|Any CPU
		{91856DCA-C58A-4D4F-880A-1C08E78D867C}.Debug|Any CPU.ActiveCfg = Debug|Any CPU
		{91856DCA-C58A-4D4F-880A-1C08E78D867C}.Debug|Any CPU.Build.0 = Debug|Any CPU
		{91856DCA-C58A-4D4F-880A-1C08E78D867C}.Release|Any CPU.ActiveCfg = Release|Any CPU
		{91856DCA-C58A-4D4F-880A-1C08E78D867C}.Release|Any CPU.Build.0 = Release|Any CPU
	EndGlobalSection
	GlobalSection(SolutionProperties) = preSolution
		HideSolutionNode = FALSE
	EndGlobalSection
	GlobalSection(ExtensibilityGlobals) = postSolution
		SolutionGuid = {16CE3225-C8CA-4281-9FAC-FC5DB00994E0}
	EndGlobalSection
EndGlobal
